// !$*UTF8*$!
{
	archiveVersion = 1;
	classes = {
	};
	objectVersion = 46;
	objects = {

/* Begin PBXBuildFile section */
		0C7ED02DAAB51A4B2130B179 /* Pods_BootCamp1.framework in Frameworks */ = {isa = PBXBuildFile; fileRef = 4C08DC2ED5A2CF8EBA9801DA /* Pods_BootCamp1.framework */; };
		BF5ED5101E70F302001FE1B1 /* AppDelegate.swift in Sources */ = {isa = PBXBuildFile; fileRef = BF5ED50F1E70F302001FE1B1 /* AppDelegate.swift */; };
		BF5ED5121E70F302001FE1B1 /* ViewController.swift in Sources */ = {isa = PBXBuildFile; fileRef = BF5ED5111E70F302001FE1B1 /* ViewController.swift */; };
		BF5ED5151E70F302001FE1B1 /* Main.storyboard in Resources */ = {isa = PBXBuildFile; fileRef = BF5ED5131E70F302001FE1B1 /* Main.storyboard */; };
		BF5ED5171E70F302001FE1B1 /* Assets.xcassets in Resources */ = {isa = PBXBuildFile; fileRef = BF5ED5161E70F302001FE1B1 /* Assets.xcassets */; };
		BF5ED51A1E70F302001FE1B1 /* LaunchScreen.storyboard in Resources */ = {isa = PBXBuildFile; fileRef = BF5ED5181E70F302001FE1B1 /* LaunchScreen.storyboard */; };
		BF5ED52A1E71309A001FE1B1 /* MovieViewCell.swift in Sources */ = {isa = PBXBuildFile; fileRef = BF5ED5291E71309A001FE1B1 /* MovieViewCell.swift */; };
		BF6E4C651E715051004C5CCB /* Constant.swift in Sources */ = {isa = PBXBuildFile; fileRef = BF6E4C641E715051004C5CCB /* Constant.swift */; };
		BF6E4C691E7232E3004C5CCB /* MovieModel.swift in Sources */ = {isa = PBXBuildFile; fileRef = BF6E4C681E7232E3004C5CCB /* MovieModel.swift */; };
		BF6E4C6C1E723F35004C5CCB /* Engine.swift in Sources */ = {isa = PBXBuildFile; fileRef = BF6E4C6B1E723F35004C5CCB /* Engine.swift */; };
		BF6E4C701E7240B1004C5CCB /* EndPoint.swift in Sources */ = {isa = PBXBuildFile; fileRef = BF6E4C6F1E7240B1004C5CCB /* EndPoint.swift */; };
		BF6E4C7A1E727CA6004C5CCB /* BootCamp1UITests.swift in Sources */ = {isa = PBXBuildFile; fileRef = BF6E4C791E727CA6004C5CCB /* BootCamp1UITests.swift */; };
/* End PBXBuildFile section */

/* Begin PBXContainerItemProxy section */
		BF6E4C7C1E727CA6004C5CCB /* PBXContainerItemProxy */ = {
			isa = PBXContainerItemProxy;
			containerPortal = BF5ED5041E70F301001FE1B1 /* Project object */;
			proxyType = 1;
			remoteGlobalIDString = BF5ED50B1E70F301001FE1B1;
			remoteInfo = BootCamp1;
		};
/* End PBXContainerItemProxy section */

/* Begin PBXFileReference section */
		3CB60AC66EC6C4B875B5C062 /* Pods-BootCamp1.debug.xcconfig */ = {isa = PBXFileReference; includeInIndex = 1; lastKnownFileType = text.xcconfig; name = "Pods-BootCamp1.debug.xcconfig"; path = "Pods/Target Support Files/Pods-BootCamp1/Pods-BootCamp1.debug.xcconfig"; sourceTree = "<group>"; };
		4C08DC2ED5A2CF8EBA9801DA /* Pods_BootCamp1.framework */ = {isa = PBXFileReference; explicitFileType = wrapper.framework; includeInIndex = 0; path = Pods_BootCamp1.framework; sourceTree = BUILT_PRODUCTS_DIR; };
		BF5ED50C1E70F302001FE1B1 /* BootCamp1.app */ = {isa = PBXFileReference; explicitFileType = wrapper.application; includeInIndex = 0; path = BootCamp1.app; sourceTree = BUILT_PRODUCTS_DIR; };
		BF5ED50F1E70F302001FE1B1 /* AppDelegate.swift */ = {isa = PBXFileReference; lastKnownFileType = sourcecode.swift; path = AppDelegate.swift; sourceTree = "<group>"; };
		BF5ED5111E70F302001FE1B1 /* ViewController.swift */ = {isa = PBXFileReference; lastKnownFileType = sourcecode.swift; path = ViewController.swift; sourceTree = "<group>"; };
		BF5ED5141E70F302001FE1B1 /* Base */ = {isa = PBXFileReference; lastKnownFileType = file.storyboard; name = Base; path = Base.lproj/Main.storyboard; sourceTree = "<group>"; };
		BF5ED5161E70F302001FE1B1 /* Assets.xcassets */ = {isa = PBXFileReference; lastKnownFileType = folder.assetcatalog; path = Assets.xcassets; sourceTree = "<group>"; };
		BF5ED5191E70F302001FE1B1 /* Base */ = {isa = PBXFileReference; lastKnownFileType = file.storyboard; name = Base; path = Base.lproj/LaunchScreen.storyboard; sourceTree = "<group>"; };
		BF5ED51B1E70F302001FE1B1 /* Info.plist */ = {isa = PBXFileReference; lastKnownFileType = text.plist.xml; path = Info.plist; sourceTree = "<group>"; };
		BF5ED5231E70FF31001FE1B1 /* MyPlayground.playground */ = {isa = PBXFileReference; lastKnownFileType = file.playground; path = MyPlayground.playground; sourceTree = "<group>"; };
		BF5ED5291E71309A001FE1B1 /* MovieViewCell.swift */ = {isa = PBXFileReference; fileEncoding = 4; lastKnownFileType = sourcecode.swift; path = MovieViewCell.swift; sourceTree = "<group>"; };
		BF6E4C601E714FA4004C5CCB /* BootCamp1-Bridging-Header.h */ = {isa = PBXFileReference; lastKnownFileType = sourcecode.c.h; path = "BootCamp1-Bridging-Header.h"; sourceTree = "<group>"; };
		BF6E4C641E715051004C5CCB /* Constant.swift */ = {isa = PBXFileReference; fileEncoding = 4; lastKnownFileType = sourcecode.swift; path = Constant.swift; sourceTree = "<group>"; };
		BF6E4C681E7232E3004C5CCB /* MovieModel.swift */ = {isa = PBXFileReference; fileEncoding = 4; lastKnownFileType = sourcecode.swift; path = MovieModel.swift; sourceTree = "<group>"; };
		BF6E4C6B1E723F35004C5CCB /* Engine.swift */ = {isa = PBXFileReference; fileEncoding = 4; lastKnownFileType = sourcecode.swift; path = Engine.swift; sourceTree = "<group>"; };
		BF6E4C6F1E7240B1004C5CCB /* EndPoint.swift */ = {isa = PBXFileReference; fileEncoding = 4; lastKnownFileType = sourcecode.swift; path = EndPoint.swift; sourceTree = "<group>"; };
		BF6E4C771E727CA6004C5CCB /* BootCamp1UITests.xctest */ = {isa = PBXFileReference; explicitFileType = wrapper.cfbundle; includeInIndex = 0; path = BootCamp1UITests.xctest; sourceTree = BUILT_PRODUCTS_DIR; };
		BF6E4C791E727CA6004C5CCB /* BootCamp1UITests.swift */ = {isa = PBXFileReference; lastKnownFileType = sourcecode.swift; path = BootCamp1UITests.swift; sourceTree = "<group>"; };
		BF6E4C7B1E727CA6004C5CCB /* Info.plist */ = {isa = PBXFileReference; lastKnownFileType = text.plist.xml; path = Info.plist; sourceTree = "<group>"; };
		F0D203D751A11BFC01BACAFC /* Pods-BootCamp1.release.xcconfig */ = {isa = PBXFileReference; includeInIndex = 1; lastKnownFileType = text.xcconfig; name = "Pods-BootCamp1.release.xcconfig"; path = "Pods/Target Support Files/Pods-BootCamp1/Pods-BootCamp1.release.xcconfig"; sourceTree = "<group>"; };
/* End PBXFileReference section */

/* Begin PBXFrameworksBuildPhase section */
		BF5ED5091E70F301001FE1B1 /* Frameworks */ = {
			isa = PBXFrameworksBuildPhase;
			buildActionMask = 2147483647;
			files = (
				0C7ED02DAAB51A4B2130B179 /* Pods_BootCamp1.framework in Frameworks */,
			);
			runOnlyForDeploymentPostprocessing = 0;
		};
		BF6E4C741E727CA6004C5CCB /* Frameworks */ = {
			isa = PBXFrameworksBuildPhase;
			buildActionMask = 2147483647;
			files = (
			);
			runOnlyForDeploymentPostprocessing = 0;
		};
/* End PBXFrameworksBuildPhase section */

/* Begin PBXGroup section */
		22EA64690E1E8F6C1D5CA82C /* Pods */ = {
			isa = PBXGroup;
			children = (
				3CB60AC66EC6C4B875B5C062 /* Pods-BootCamp1.debug.xcconfig */,
				F0D203D751A11BFC01BACAFC /* Pods-BootCamp1.release.xcconfig */,
			);
			name = Pods;
			sourceTree = "<group>";
		};
		4493AE388597FF7CF14D2CD6 /* Frameworks */ = {
			isa = PBXGroup;
			children = (
				4C08DC2ED5A2CF8EBA9801DA /* Pods_BootCamp1.framework */,
			);
			name = Frameworks;
			sourceTree = "<group>";
		};
		BF5ED5031E70F301001FE1B1 = {
			isa = PBXGroup;
			children = (
				BF5ED50E1E70F302001FE1B1 /* BootCamp1 */,
				BF6E4C781E727CA6004C5CCB /* BootCamp1UITests */,
				BF5ED50D1E70F302001FE1B1 /* Products */,
				22EA64690E1E8F6C1D5CA82C /* Pods */,
				4493AE388597FF7CF14D2CD6 /* Frameworks */,
			);
			sourceTree = "<group>";
		};
		BF5ED50D1E70F302001FE1B1 /* Products */ = {
			isa = PBXGroup;
			children = (
				BF5ED50C1E70F302001FE1B1 /* BootCamp1.app */,
				BF6E4C771E727CA6004C5CCB /* BootCamp1UITests.xctest */,
			);
			name = Products;
			sourceTree = "<group>";
		};
		BF5ED50E1E70F302001FE1B1 /* BootCamp1 */ = {
			isa = PBXGroup;
			children = (
				BF5ED5251E7123F8001FE1B1 /* Clases */,
				BF5ED50F1E70F302001FE1B1 /* AppDelegate.swift */,
				BF5ED5111E70F302001FE1B1 /* ViewController.swift */,
				BF5ED5131E70F302001FE1B1 /* Main.storyboard */,
				BF5ED5161E70F302001FE1B1 /* Assets.xcassets */,
				BF5ED5181E70F302001FE1B1 /* LaunchScreen.storyboard */,
				BF5ED51B1E70F302001FE1B1 /* Info.plist */,
				BF5ED5231E70FF31001FE1B1 /* MyPlayground.playground */,
				BF6E4C601E714FA4004C5CCB /* BootCamp1-Bridging-Header.h */,
				BF6E4C641E715051004C5CCB /* Constant.swift */,
				BF6E4C6F1E7240B1004C5CCB /* EndPoint.swift */,
			);
			path = BootCamp1;
			sourceTree = "<group>";
		};
		BF5ED5251E7123F8001FE1B1 /* Clases */ = {
			isa = PBXGroup;
			children = (
				BF6E4C6A1E723F25004C5CCB /* Engine */,
				BF5ED5261E7123F8001FE1B1 /* Controller */,
				BF5ED5271E7123F8001FE1B1 /* Model */,
				BF5ED5281E7123F8001FE1B1 /* View */,
			);
			path = Clases;
			sourceTree = "<group>";
		};
		BF5ED5261E7123F8001FE1B1 /* Controller */ = {
			isa = PBXGroup;
			children = (
			);
			path = Controller;
			sourceTree = "<group>";
		};
		BF5ED5271E7123F8001FE1B1 /* Model */ = {
			isa = PBXGroup;
			children = (
				BF6E4C681E7232E3004C5CCB /* MovieModel.swift */,
			);
			path = Model;
			sourceTree = "<group>";
		};
		BF5ED5281E7123F8001FE1B1 /* View */ = {
			isa = PBXGroup;
			children = (
				BF5ED5291E71309A001FE1B1 /* MovieViewCell.swift */,
			);
			path = View;
			sourceTree = "<group>";
		};
		BF6E4C6A1E723F25004C5CCB /* Engine */ = {
			isa = PBXGroup;
			children = (
				BF6E4C6B1E723F35004C5CCB /* Engine.swift */,
			);
			path = Engine;
			sourceTree = "<group>";
		};
		BF6E4C781E727CA6004C5CCB /* BootCamp1UITests */ = {
			isa = PBXGroup;
			children = (
				BF6E4C791E727CA6004C5CCB /* BootCamp1UITests.swift */,
				BF6E4C7B1E727CA6004C5CCB /* Info.plist */,
			);
			path = BootCamp1UITests;
			sourceTree = "<group>";
		};
/* End PBXGroup section */

/* Begin PBXNativeTarget section */
		BF5ED50B1E70F301001FE1B1 /* BootCamp1 */ = {
			isa = PBXNativeTarget;
			buildConfigurationList = BF5ED51E1E70F302001FE1B1 /* Build configuration list for PBXNativeTarget "BootCamp1" */;
			buildPhases = (
				8EC6AF5390D19442D6B90A3D /* [CP] Check Pods Manifest.lock */,
				BF5ED5081E70F301001FE1B1 /* Sources */,
				BF5ED5091E70F301001FE1B1 /* Frameworks */,
				BF5ED50A1E70F301001FE1B1 /* Resources */,
				A55D1BC0811FF75820108F2B /* [CP] Embed Pods Frameworks */,
				6EB0B02AE4A1D013D6410D2D /* [CP] Copy Pods Resources */,
			);
			buildRules = (
			);
			dependencies = (
			);
			name = BootCamp1;
			productName = BootCamp1;
			productReference = BF5ED50C1E70F302001FE1B1 /* BootCamp1.app */;
			productType = "com.apple.product-type.application";
		};
		BF6E4C761E727CA6004C5CCB /* BootCamp1UITests */ = {
			isa = PBXNativeTarget;
			buildConfigurationList = BF6E4C7E1E727CA6004C5CCB /* Build configuration list for PBXNativeTarget "BootCamp1UITests" */;
			buildPhases = (
				BF6E4C731E727CA6004C5CCB /* Sources */,
				BF6E4C741E727CA6004C5CCB /* Frameworks */,
				BF6E4C751E727CA6004C5CCB /* Resources */,
			);
			buildRules = (
			);
			dependencies = (
				BF6E4C7D1E727CA6004C5CCB /* PBXTargetDependency */,
			);
			name = BootCamp1UITests;
			productName = BootCamp1UITests;
			productReference = BF6E4C771E727CA6004C5CCB /* BootCamp1UITests.xctest */;
			productType = "com.apple.product-type.bundle.ui-testing";
		};
/* End PBXNativeTarget section */

/* Begin PBXProject section */
		BF5ED5041E70F301001FE1B1 /* Project object */ = {
			isa = PBXProject;
			attributes = {
				LastSwiftUpdateCheck = 0810;
				LastUpgradeCheck = 0810;
				ORGANIZATIONNAME = "Fery Syukur";
				TargetAttributes = {
					BF5ED50B1E70F301001FE1B1 = {
						CreatedOnToolsVersion = 8.1;
						DevelopmentTeam = 9TYPM424C7;
						LastSwiftMigration = 0810;
						ProvisioningStyle = Automatic;
					};
					BF6E4C761E727CA6004C5CCB = {
						CreatedOnToolsVersion = 8.1;
						DevelopmentTeam = 9TYPM424C7;
						ProvisioningStyle = Automatic;
						TestTargetID = BF5ED50B1E70F301001FE1B1;
					};
				};
			};
			buildConfigurationList = BF5ED5071E70F301001FE1B1 /* Build configuration list for PBXProject "BootCamp1" */;
			compatibilityVersion = "Xcode 3.2";
			developmentRegion = English;
			hasScannedForEncodings = 0;
			knownRegions = (
				en,
				Base,
			);
			mainGroup = BF5ED5031E70F301001FE1B1;
			productRefGroup = BF5ED50D1E70F302001FE1B1 /* Products */;
			projectDirPath = "";
			projectRoot = "";
			targets = (
				BF5ED50B1E70F301001FE1B1 /* BootCamp1 */,
				BF6E4C761E727CA6004C5CCB /* BootCamp1UITests */,
			);
		};
/* End PBXProject section */

/* Begin PBXResourcesBuildPhase section */
		BF5ED50A1E70F301001FE1B1 /* Resources */ = {
			isa = PBXResourcesBuildPhase;
			buildActionMask = 2147483647;
			files = (
				BF5ED51A1E70F302001FE1B1 /* LaunchScreen.storyboard in Resources */,
				BF5ED5171E70F302001FE1B1 /* Assets.xcassets in Resources */,
				BF5ED5151E70F302001FE1B1 /* Main.storyboard in Resources */,
			);
			runOnlyForDeploymentPostprocessing = 0;
		};
		BF6E4C751E727CA6004C5CCB /* Resources */ = {
			isa = PBXResourcesBuildPhase;
			buildActionMask = 2147483647;
			files = (
			);
			runOnlyForDeploymentPostprocessing = 0;
		};
/* End PBXResourcesBuildPhase section */

/* Begin PBXShellScriptBuildPhase section */
		6EB0B02AE4A1D013D6410D2D /* [CP] Copy Pods Resources */ = {
			isa = PBXShellScriptBuildPhase;
			buildActionMask = 2147483647;
			files = (
			);
			inputPaths = (
			);
			name = "[CP] Copy Pods Resources";
			outputPaths = (
			);
			runOnlyForDeploymentPostprocessing = 0;
			shellPath = /bin/sh;
			shellScript = "\"${SRCROOT}/Pods/Target Support Files/Pods-BootCamp1/Pods-BootCamp1-resources.sh\"\n";
			showEnvVarsInLog = 0;
		};
		8EC6AF5390D19442D6B90A3D /* [CP] Check Pods Manifest.lock */ = {
			isa = PBXShellScriptBuildPhase;
			buildActionMask = 2147483647;
			files = (
			);
			inputPaths = (
			);
			name = "[CP] Check Pods Manifest.lock";
			outputPaths = (
			);
			runOnlyForDeploymentPostprocessing = 0;
			shellPath = /bin/sh;
			shellScript = "diff \"${PODS_ROOT}/../Podfile.lock\" \"${PODS_ROOT}/Manifest.lock\" > /dev/null\nif [ $? != 0 ] ; then\n    # print error to STDERR\n    echo \"error: The sandbox is not in sync with the Podfile.lock. Run 'pod install' or update your CocoaPods installation.\" >&2\n    exit 1\nfi\n";
			showEnvVarsInLog = 0;
		};
		A55D1BC0811FF75820108F2B /* [CP] Embed Pods Frameworks */ = {
			isa = PBXShellScriptBuildPhase;
			buildActionMask = 2147483647;
			files = (
			);
			inputPaths = (
			);
			name = "[CP] Embed Pods Frameworks";
			outputPaths = (
			);
			runOnlyForDeploymentPostprocessing = 0;
			shellPath = /bin/sh;
			shellScript = "\"${SRCROOT}/Pods/Target Support Files/Pods-BootCamp1/Pods-BootCamp1-frameworks.sh\"\n";
			showEnvVarsInLog = 0;
		};
/* End PBXShellScriptBuildPhase section */

/* Begin PBXSourcesBuildPhase section */
		BF5ED5081E70F301001FE1B1 /* Sources */ = {
			isa = PBXSourcesBuildPhase;
			buildActionMask = 2147483647;
			files = (
				BF5ED5121E70F302001FE1B1 /* ViewController.swift in Sources */,
				BF6E4C6C1E723F35004C5CCB /* Engine.swift in Sources */,
				BF5ED5101E70F302001FE1B1 /* AppDelegate.swift in Sources */,
				BF6E4C691E7232E3004C5CCB /* MovieModel.swift in Sources */,
				BF5ED52A1E71309A001FE1B1 /* MovieViewCell.swift in Sources */,
				BF6E4C701E7240B1004C5CCB /* EndPoint.swift in Sources */,
				BF6E4C651E715051004C5CCB /* Constant.swift in Sources */,
			);
			runOnlyForDeploymentPostprocessing = 0;
		};
		BF6E4C731E727CA6004C5CCB /* Sources */ = {
			isa = PBXSourcesBuildPhase;
			buildActionMask = 2147483647;
			files = (
				BF6E4C7A1E727CA6004C5CCB /* BootCamp1UITests.swift in Sources */,
			);
			runOnlyForDeploymentPostprocessing = 0;
		};
/* End PBXSourcesBuildPhase section */

/* Begin PBXTargetDependency section */
		BF6E4C7D1E727CA6004C5CCB /* PBXTargetDependency */ = {
			isa = PBXTargetDependency;
			target = BF5ED50B1E70F301001FE1B1 /* BootCamp1 */;
			targetProxy = BF6E4C7C1E727CA6004C5CCB /* PBXContainerItemProxy */;
		};
/* End PBXTargetDependency section */

/* Begin PBXVariantGroup section */
		BF5ED5131E70F302001FE1B1 /* Main.storyboard */ = {
			isa = PBXVariantGroup;
			children = (
				BF5ED5141E70F302001FE1B1 /* Base */,
			);
			name = Main.storyboard;
			sourceTree = "<group>";
		};
		BF5ED5181E70F302001FE1B1 /* LaunchScreen.storyboard */ = {
			isa = PBXVariantGroup;
			children = (
				BF5ED5191E70F302001FE1B1 /* Base */,
			);
			name = LaunchScreen.storyboard;
			sourceTree = "<group>";
		};
/* End PBXVariantGroup section */

/* Begin XCBuildConfiguration section */
		BF5ED51C1E70F302001FE1B1 /* Debug */ = {
			isa = XCBuildConfiguration;
			buildSettings = {
				ALWAYS_SEARCH_USER_PATHS = NO;
				CLANG_ANALYZER_NONNULL = YES;
				CLANG_CXX_LANGUAGE_STANDARD = "gnu++0x";
				CLANG_CXX_LIBRARY = "libc++";
				CLANG_ENABLE_MODULES = YES;
				CLANG_ENABLE_OBJC_ARC = YES;
				CLANG_WARN_BOOL_CONVERSION = YES;
				CLANG_WARN_CONSTANT_CONVERSION = YES;
				CLANG_WARN_DIRECT_OBJC_ISA_USAGE = YES_ERROR;
				CLANG_WARN_DOCUMENTATION_COMMENTS = YES;
				CLANG_WARN_EMPTY_BODY = YES;
				CLANG_WARN_ENUM_CONVERSION = YES;
				CLANG_WARN_INFINITE_RECURSION = YES;
				CLANG_WARN_INT_CONVERSION = YES;
				CLANG_WARN_OBJC_ROOT_CLASS = YES_ERROR;
				CLANG_WARN_SUSPICIOUS_MOVES = YES;
				CLANG_WARN_UNREACHABLE_CODE = YES;
				CLANG_WARN__DUPLICATE_METHOD_MATCH = YES;
				"CODE_SIGN_IDENTITY[sdk=iphoneos*]" = "iPhone Developer";
				COPY_PHASE_STRIP = NO;
				DEBUG_INFORMATION_FORMAT = dwarf;
				ENABLE_STRICT_OBJC_MSGSEND = YES;
				ENABLE_TESTABILITY = YES;
				GCC_C_LANGUAGE_STANDARD = gnu99;
				GCC_DYNAMIC_NO_PIC = NO;
				GCC_NO_COMMON_BLOCKS = YES;
				GCC_OPTIMIZATION_LEVEL = 0;
				GCC_PREPROCESSOR_DEFINITIONS = (
					"DEBUG=1",
					"$(inherited)",
				);
				GCC_WARN_64_TO_32_BIT_CONVERSION = YES;
				GCC_WARN_ABOUT_RETURN_TYPE = YES_ERROR;
				GCC_WARN_UNDECLARED_SELECTOR = YES;
				GCC_WARN_UNINITIALIZED_AUTOS = YES_AGGRESSIVE;
				GCC_WARN_UNUSED_FUNCTION = YES;
				GCC_WARN_UNUSED_VARIABLE = YES;
				IPHONEOS_DEPLOYMENT_TARGET = 10.1;
				MTL_ENABLE_DEBUG_INFO = YES;
				ONLY_ACTIVE_ARCH = YES;
				SDKROOT = iphoneos;
				SWIFT_ACTIVE_COMPILATION_CONDITIONS = DEBUG;
				SWIFT_OPTIMIZATION_LEVEL = "-Onone";
				TARGETED_DEVICE_FAMILY = "1,2";
			};
			name = Debug;
		};
		BF5ED51D1E70F302001FE1B1 /* Release */ = {
			isa = XCBuildConfiguration;
			buildSettings = {
				ALWAYS_SEARCH_USER_PATHS = NO;
				CLANG_ANALYZER_NONNULL = YES;
				CLANG_CXX_LANGUAGE_STANDARD = "gnu++0x";
				CLANG_CXX_LIBRARY = "libc++";
				CLANG_ENABLE_MODULES = YES;
				CLANG_ENABLE_OBJC_ARC = YES;
				CLANG_WARN_BOOL_CONVERSION = YES;
				CLANG_WARN_CONSTANT_CONVERSION = YES;
				CLANG_WARN_DIRECT_OBJC_ISA_USAGE = YES_ERROR;
				CLANG_WARN_DOCUMENTATION_COMMENTS = YES;
				CLANG_WARN_EMPTY_BODY = YES;
				CLANG_WARN_ENUM_CONVERSION = YES;
				CLANG_WARN_INFINITE_RECURSION = YES;
				CLANG_WARN_INT_CONVERSION = YES;
				CLANG_WARN_OBJC_ROOT_CLASS = YES_ERROR;
				CLANG_WARN_SUSPICIOUS_MOVES = YES;
				CLANG_WARN_UNREACHABLE_CODE = YES;
				CLANG_WARN__DUPLICATE_METHOD_MATCH = YES;
				"CODE_SIGN_IDENTITY[sdk=iphoneos*]" = "iPhone Developer";
				COPY_PHASE_STRIP = NO;
				DEBUG_INFORMATION_FORMAT = "dwarf-with-dsym";
				ENABLE_NS_ASSERTIONS = NO;
				ENABLE_STRICT_OBJC_MSGSEND = YES;
				GCC_C_LANGUAGE_STANDARD = gnu99;
				GCC_NO_COMMON_BLOCKS = YES;
				GCC_WARN_64_TO_32_BIT_CONVERSION = YES;
				GCC_WARN_ABOUT_RETURN_TYPE = YES_ERROR;
				GCC_WARN_UNDECLARED_SELECTOR = YES;
				GCC_WARN_UNINITIALIZED_AUTOS = YES_AGGRESSIVE;
				GCC_WARN_UNUSED_FUNCTION = YES;
				GCC_WARN_UNUSED_VARIABLE = YES;
				IPHONEOS_DEPLOYMENT_TARGET = 10.1;
				MTL_ENABLE_DEBUG_INFO = NO;
				SDKROOT = iphoneos;
				SWIFT_OPTIMIZATION_LEVEL = "-Owholemodule";
				TARGETED_DEVICE_FAMILY = "1,2";
				VALIDATE_PRODUCT = YES;
			};
			name = Release;
		};
		BF5ED51F1E70F302001FE1B1 /* Debug */ = {
			isa = XCBuildConfiguration;
			baseConfigurationReference = 3CB60AC66EC6C4B875B5C062 /* Pods-BootCamp1.debug.xcconfig */;
			buildSettings = {
				ASSETCATALOG_COMPILER_APPICON_NAME = AppIcon;
				CLANG_ENABLE_MODULES = YES;
				DEVELOPMENT_TEAM = 9TYPM424C7;
				INFOPLIST_FILE = BootCamp1/Info.plist;
				LD_RUNPATH_SEARCH_PATHS = "$(inherited) @executable_path/Frameworks";
				PRODUCT_BUNDLE_IDENTIFIER = com.ferysyukur.BootCamp1;
				PRODUCT_NAME = "$(TARGET_NAME)";
				SWIFT_OBJC_BRIDGING_HEADER = "BootCamp1/BootCamp1-Bridging-Header.h";
				SWIFT_OPTIMIZATION_LEVEL = "-Onone";
				SWIFT_VERSION = 3.0;
			};
			name = Debug;
		};
		BF5ED5201E70F302001FE1B1 /* Release */ = {
			isa = XCBuildConfiguration;
			baseConfigurationReference = F0D203D751A11BFC01BACAFC /* Pods-BootCamp1.release.xcconfig */;
			buildSettings = {
				ASSETCATALOG_COMPILER_APPICON_NAME = AppIcon;
				CLANG_ENABLE_MODULES = YES;
				DEVELOPMENT_TEAM = 9TYPM424C7;
				INFOPLIST_FILE = BootCamp1/Info.plist;
				LD_RUNPATH_SEARCH_PATHS = "$(inherited) @executable_path/Frameworks";
				PRODUCT_BUNDLE_IDENTIFIER = com.ferysyukur.BootCamp1;
				PRODUCT_NAME = "$(TARGET_NAME)";
				SWIFT_OBJC_BRIDGING_HEADER = "BootCamp1/BootCamp1-Bridging-Header.h";
				SWIFT_VERSION = 3.0;
			};
			name = Release;
		};
		BF6E4C7F1E727CA6004C5CCB /* Debug */ = {
			isa = XCBuildConfiguration;
			buildSettings = {
				DEVELOPMENT_TEAM = 9TYPM424C7;
				INFOPLIST_FILE = BootCamp1UITests/Info.plist;
				LD_RUNPATH_SEARCH_PATHS = "$(inherited) @executable_path/Frameworks @loader_path/Frameworks";
				PRODUCT_BUNDLE_IDENTIFIER = com.ferysyukur.BootCamp1UITests;
				PRODUCT_NAME = "$(TARGET_NAME)";
				SWIFT_VERSION = 3.0;
				TEST_TARGET_NAME = BootCamp1;
			};
			name = Debug;
		};
		BF6E4C801E727CA6004C5CCB /* Release */ = {
			isa = XCBuildConfiguration;
			buildSettings = {
				DEVELOPMENT_TEAM = 9TYPM424C7;
				INFOPLIST_FILE = BootCamp1UITests/Info.plist;
				LD_RUNPATH_SEARCH_PATHS = "$(inherited) @executable_path/Frameworks @loader_path/Frameworks";
				PRODUCT_BUNDLE_IDENTIFIER = com.ferysyukur.BootCamp1UITests;
				PRODUCT_NAME = "$(TARGET_NAME)";
				SWIFT_VERSION = 3.0;
				TEST_TARGET_NAME = BootCamp1;
			};
			name = Release;
		};
/* End XCBuildConfiguration section */

/* Begin XCConfigurationList section */
		BF5ED5071E70F301001FE1B1 /* Build configuration list for PBXProject "BootCamp1" */ = {
			isa = XCConfigurationList;
			buildConfigurations = (
				BF5ED51C1E70F302001FE1B1 /* Debug */,
				BF5ED51D1E70F302001FE1B1 /* Release */,
			);
			defaultConfigurationIsVisible = 0;
			defaultConfigurationName = Release;
		};
		BF5ED51E1E70F302001FE1B1 /* Build configuration list for PBXNativeTarget "BootCamp1" */ = {
			isa = XCConfigurationList;
			buildConfigurations = (
				BF5ED51F1E70F302001FE1B1 /* Debug */,
				BF5ED5201E70F302001FE1B1 /* Release */,
			);
			defaultConfigurationIsVisible = 0;
			defaultConfigurationName = Release;
		};
		BF6E4C7E1E727CA6004C5CCB /* Build configuration list for PBXNativeTarget "BootCamp1UITests" */ = {
			isa = XCConfigurationList;
			buildConfigurations = (
				BF6E4C7F1E727CA6004C5CCB /* Debug */,
				BF6E4C801E727CA6004C5CCB /* Release */,
			);
			defaultConfigurationIsVisible = 0;
		};
/* End XCConfigurationList section */
	};
	rootObject = BF5ED5041E70F301001FE1B1 /* Project object */;
}
